PODS:
  - RemoteSettings (0.1.0):
    - RemoteSettings/Default (= 0.1.0)
  - RemoteSettings/Core (0.1.0)
  - RemoteSettings/Default (0.1.0):
    - RemoteSettings/Core
  - RemoteSettings/Rx (0.1.0):
    - RemoteSettings/Core
    - RxSwift
  - RxSwift (5.1.1)

DEPENDENCIES:
  - RemoteSettings (from `../`)
  - RemoteSettings/Rx (from `../`)

SPEC REPOS:
  trunk:
    - RxSwift

EXTERNAL SOURCES:
  RemoteSettings:
    :path: "../"

SPEC CHECKSUMS:
  RemoteSettings: 8e0fcf5e35dddf905b586b4c58edd945d981d252
  RxSwift: 81470a2074fa8780320ea5fe4102807cb7118178

PODFILE CHECKSUM: 7f8fe32819d69e939f0d5a68a8f3f87655980d6c

COCOAPODS: 1.10.0
